// !$*UTF8*$!
{
	archiveVersion = 1;
	classes = {
	};
	objectVersion = 46;
	objects = {

/* Begin PBXBuildFile section */
		AE4F8BF9147E7F2E0029E30A /* UIKit.framework in Frameworks */ = {isa = PBXBuildFile; fileRef = AE4F8BF8147E7F2E0029E30A /* UIKit.framework */; };
		AE4F8BFB147E7F2E0029E30A /* Foundation.framework in Frameworks */ = {isa = PBXBuildFile; fileRef = AE4F8BFA147E7F2E0029E30A /* Foundation.framework */; };
		AE4F8BFD147E7F2E0029E30A /* CoreGraphics.framework in Frameworks */ = {isa = PBXBuildFile; fileRef = AE4F8BFC147E7F2E0029E30A /* CoreGraphics.framework */; };
		AE4F8C03147E7F2E0029E30A /* InfoPlist.strings in Resources */ = {isa = PBXBuildFile; fileRef = AE4F8C01147E7F2E0029E30A /* InfoPlist.strings */; };
		AE4F8C05147E7F2E0029E30A /* main.m in Sources */ = {isa = PBXBuildFile; fileRef = AE4F8C04147E7F2E0029E30A /* main.m */; };
		AE4F8C09147E7F2E0029E30A /* AppDelegate.m in Sources */ = {isa = PBXBuildFile; fileRef = AE4F8C08147E7F2E0029E30A /* AppDelegate.m */; };
		AE4F8C0C147E7F2E0029E30A /* MainStoryboard.storyboard in Resources */ = {isa = PBXBuildFile; fileRef = AE4F8C0A147E7F2E0029E30A /* MainStoryboard.storyboard */; };
		AE4F8C0F147E7F2E0029E30A /* MainViewController.m in Sources */ = {isa = PBXBuildFile; fileRef = AE4F8C0E147E7F2E0029E30A /* MainViewController.m */; };
		AE4F8C16147E86310029E30A /* Twitter.framework in Frameworks */ = {isa = PBXBuildFile; fileRef = AE4F8C15147E86310029E30A /* Twitter.framework */; };
		AEC4F034147F958C00F45B59 /* tweet-button.jpg in Resources */ = {isa = PBXBuildFile; fileRef = AEC4F033147F958C00F45B59 /* tweet-button.jpg */; };
/* End PBXBuildFile section */

/* Begin PBXFileReference section */
		AE4F8BF4147E7F2E0029E30A /* twitter-munch.app */ = {isa = PBXFileReference; explicitFileType = wrapper.application; includeInIndex = 0; path = "twitter-munch.app"; sourceTree = BUILT_PRODUCTS_DIR; };
		AE4F8BF8147E7F2E0029E30A /* UIKit.framework */ = {isa = PBXFileReference; lastKnownFileType = wrapper.framework; name = UIKit.framework; path = System/Library/Frameworks/UIKit.framework; sourceTree = SDKROOT; };
		AE4F8BFA147E7F2E0029E30A /* Foundation.framework */ = {isa = PBXFileReference; lastKnownFileType = wrapper.framework; name = Foundation.framework; path = System/Library/Frameworks/Foundation.framework; sourceTree = SDKROOT; };
		AE4F8BFC147E7F2E0029E30A /* CoreGraphics.framework */ = {isa = PBXFileReference; lastKnownFileType = wrapper.framework; name = CoreGraphics.framework; path = System/Library/Frameworks/CoreGraphics.framework; sourceTree = SDKROOT; };
		AE4F8C00147E7F2E0029E30A /* twitter-munch-Info.plist */ = {isa = PBXFileReference; lastKnownFileType = text.plist.xml; path = "twitter-munch-Info.plist"; sourceTree = "<group>"; };
		AE4F8C02147E7F2E0029E30A /* en */ = {isa = PBXFileReference; lastKnownFileType = text.plist.strings; name = en; path = en.lproj/InfoPlist.strings; sourceTree = "<group>"; };
		AE4F8C04147E7F2E0029E30A /* main.m */ = {isa = PBXFileReference; lastKnownFileType = sourcecode.c.objc; path = main.m; sourceTree = "<group>"; };
		AE4F8C06147E7F2E0029E30A /* twitter-munch-Prefix.pch */ = {isa = PBXFileReference; lastKnownFileType = sourcecode.c.h; path = "twitter-munch-Prefix.pch"; sourceTree = "<group>"; };
		AE4F8C07147E7F2E0029E30A /* AppDelegate.h */ = {isa = PBXFileReference; lastKnownFileType = sourcecode.c.h; path = AppDelegate.h; sourceTree = "<group>"; };
		AE4F8C08147E7F2E0029E30A /* AppDelegate.m */ = {isa = PBXFileReference; lastKnownFileType = sourcecode.c.objc; path = AppDelegate.m; sourceTree = "<group>"; };
		AE4F8C0B147E7F2E0029E30A /* en */ = {isa = PBXFileReference; lastKnownFileType = file.storyboard; name = en; path = en.lproj/MainStoryboard.storyboard; sourceTree = "<group>"; };
		AE4F8C0D147E7F2E0029E30A /* MainViewController.h */ = {isa = PBXFileReference; path = MainViewController.h; sourceTree = "<group>"; };
		AE4F8C0E147E7F2E0029E30A /* MainViewController.m */ = {isa = PBXFileReference; lastKnownFileType = sourcecode.c.objc; path = MainViewController.m; sourceTree = "<group>"; };
		AE4F8C15147E86310029E30A /* Twitter.framework */ = {isa = PBXFileReference; lastKnownFileType = wrapper.framework; name = Twitter.framework; path = System/Library/Frameworks/Twitter.framework; sourceTree = SDKROOT; };
		AEC4F033147F958C00F45B59 /* tweet-button.jpg */ = {isa = PBXFileReference; lastKnownFileType = image.jpeg; path = "tweet-button.jpg"; sourceTree = "<group>"; };
/* End PBXFileReference section */

/* Begin PBXFrameworksBuildPhase section */
		AE4F8BF1147E7F2E0029E30A /* Frameworks */ = {
			isa = PBXFrameworksBuildPhase;
			buildActionMask = 2147483647;
			files = (
				AE4F8C16147E86310029E30A /* Twitter.framework in Frameworks */,
				AE4F8BF9147E7F2E0029E30A /* UIKit.framework in Frameworks */,
				AE4F8BFB147E7F2E0029E30A /* Foundation.framework in Frameworks */,
				AE4F8BFD147E7F2E0029E30A /* CoreGraphics.framework in Frameworks */,
			);
			runOnlyForDeploymentPostprocessing = 0;
		};
/* End PBXFrameworksBuildPhase section */

/* Begin PBXGroup section */
		AE4F8BE9147E7F2E0029E30A = {
			isa = PBXGroup;
			children = (
				AE4F8BFE147E7F2E0029E30A /* twitter-munch */,
				AE4F8BF7147E7F2E0029E30A /* Frameworks */,
				AE4F8BF5147E7F2E0029E30A /* Products */,
			);
			sourceTree = "<group>";
		};
		AE4F8BF5147E7F2E0029E30A /* Products */ = {
			isa = PBXGroup;
			children = (
				AE4F8BF4147E7F2E0029E30A /* twitter-munch.app */,
			);
			name = Products;
			sourceTree = "<group>";
		};
		AE4F8BF7147E7F2E0029E30A /* Frameworks */ = {
			isa = PBXGroup;
			children = (
				AE4F8C15147E86310029E30A /* Twitter.framework */,
				AE4F8BF8147E7F2E0029E30A /* UIKit.framework */,
				AE4F8BFA147E7F2E0029E30A /* Foundation.framework */,
				AE4F8BFC147E7F2E0029E30A /* CoreGraphics.framework */,
			);
			name = Frameworks;
			sourceTree = "<group>";
		};
		AE4F8BFE147E7F2E0029E30A /* twitter-munch */ = {
			isa = PBXGroup;
			children = (
				AE4F8C07147E7F2E0029E30A /* AppDelegate.h */,
				AE4F8C08147E7F2E0029E30A /* AppDelegate.m */,
				AE4F8C0A147E7F2E0029E30A /* MainStoryboard.storyboard */,
				AE4F8C0D147E7F2E0029E30A /* MainViewController.h */,
				AE4F8C0E147E7F2E0029E30A /* MainViewController.m */,
				AE4F8BFF147E7F2E0029E30A /* Supporting Files */,
			);
			path = "twitter-munch";
			sourceTree = "<group>";
		};
		AE4F8BFF147E7F2E0029E30A /* Supporting Files */ = {
			isa = PBXGroup;
			children = (
				AEC4F033147F958C00F45B59 /* tweet-button.jpg */,
				AE4F8C00147E7F2E0029E30A /* twitter-munch-Info.plist */,
				AE4F8C01147E7F2E0029E30A /* InfoPlist.strings */,
				AE4F8C04147E7F2E0029E30A /* main.m */,
				AE4F8C06147E7F2E0029E30A /* twitter-munch-Prefix.pch */,
			);
			name = "Supporting Files";
			sourceTree = "<group>";
		};
/* End PBXGroup section */

/* Begin PBXNativeTarget section */
		AE4F8BF3147E7F2E0029E30A /* twitter-munch */ = {
			isa = PBXNativeTarget;
			buildConfigurationList = AE4F8C12147E7F2E0029E30A /* Build configuration list for PBXNativeTarget "twitter-munch" */;
			buildPhases = (
				AE4F8BF0147E7F2E0029E30A /* Sources */,
				AE4F8BF1147E7F2E0029E30A /* Frameworks */,
				AE4F8BF2147E7F2E0029E30A /* Resources */,
			);
			buildRules = (
			);
			dependencies = (
			);
			name = "twitter-munch";
			productName = "twitter-munch";
			productReference = AE4F8BF4147E7F2E0029E30A /* twitter-munch.app */;
			productType = "com.apple.product-type.application";
		};
/* End PBXNativeTarget section */

/* Begin PBXProject section */
		AE4F8BEB147E7F2E0029E30A /* Project object */ = {
			isa = PBXProject;
			attributes = {
				LastUpgradeCheck = 0420;
			};
			buildConfigurationList = AE4F8BEE147E7F2E0029E30A /* Build configuration list for PBXProject "twitter-munch" */;
			compatibilityVersion = "Xcode 3.2";
			developmentRegion = English;
			hasScannedForEncodings = 0;
			knownRegions = (
				en,
			);
			mainGroup = AE4F8BE9147E7F2E0029E30A;
			productRefGroup = AE4F8BF5147E7F2E0029E30A /* Products */;
			projectDirPath = "";
			projectRoot = "";
			targets = (
				AE4F8BF3147E7F2E0029E30A /* twitter-munch */,
			);
		};
/* End PBXProject section */

/* Begin PBXResourcesBuildPhase section */
		AE4F8BF2147E7F2E0029E30A /* Resources */ = {
			isa = PBXResourcesBuildPhase;
			buildActionMask = 2147483647;
			files = (
				AE4F8C03147E7F2E0029E30A /* InfoPlist.strings in Resources */,
				AE4F8C0C147E7F2E0029E30A /* MainStoryboard.storyboard in Resources */,
				AEC4F034147F958C00F45B59 /* tweet-button.jpg in Resources */,
			);
			runOnlyForDeploymentPostprocessing = 0;
		};
/* End PBXResourcesBuildPhase section */

/* Begin PBXSourcesBuildPhase section */
		AE4F8BF0147E7F2E0029E30A /* Sources */ = {
			isa = PBXSourcesBuildPhase;
			buildActionMask = 2147483647;
			files = (
				AE4F8C05147E7F2E0029E30A /* main.m in Sources */,
				AE4F8C09147E7F2E0029E30A /* AppDelegate.m in Sources */,
				AE4F8C0F147E7F2E0029E30A /* MainViewController.m in Sources */,
			);
			runOnlyForDeploymentPostprocessing = 0;
		};
/* End PBXSourcesBuildPhase section */

/* Begin PBXVariantGroup section */
		AE4F8C01147E7F2E0029E30A /* InfoPlist.strings */ = {
			isa = PBXVariantGroup;
			children = (
				AE4F8C02147E7F2E0029E30A /* en */,
			);
			name = InfoPlist.strings;
			sourceTree = "<group>";
		};
		AE4F8C0A147E7F2E0029E30A /* MainStoryboard.storyboard */ = {
			isa = PBXVariantGroup;
			children = (
				AE4F8C0B147E7F2E0029E30A /* en */,
			);
			name = MainStoryboard.storyboard;
			sourceTree = "<group>";
		};
/* End PBXVariantGroup section */

/* Begin XCBuildConfiguration section */
		AE4F8C10147E7F2E0029E30A /* Debug */ = {
			isa = XCBuildConfiguration;
			buildSettings = {
				ALWAYS_SEARCH_USER_PATHS = NO;
				ARCHS = "$(ARCHS_STANDARD_32_BIT)";
				CLANG_ENABLE_OBJC_ARC = YES;
				"CODE_SIGN_IDENTITY[sdk=iphoneos*]" = "iPhone Developer";
				COPY_PHASE_STRIP = NO;
				GCC_C_LANGUAGE_STANDARD = gnu99;
				GCC_DYNAMIC_NO_PIC = NO;
				GCC_OPTIMIZATION_LEVEL = 0;
				GCC_PREPROCESSOR_DEFINITIONS = (
					"DEBUG=1",
					"$(inherited)",
				);
				GCC_SYMBOLS_PRIVATE_EXTERN = NO;
				GCC_VERSION = com.apple.compilers.llvm.clang.1_0;
				GCC_WARN_ABOUT_MISSING_PROTOTYPES = YES;
				GCC_WARN_ABOUT_RETURN_TYPE = YES;
				GCC_WARN_UNUSED_VARIABLE = YES;
				IPHONEOS_DEPLOYMENT_TARGET = 5.0;
				SDKROOT = iphoneos;
				TARGETED_DEVICE_FAMILY = 2;
			};
			name = Debug;
		};
		AE4F8C11147E7F2E0029E30A /* Release */ = {
			isa = XCBuildConfiguration;
			buildSettings = {
				ALWAYS_SEARCH_USER_PATHS = NO;
				ARCHS = "$(ARCHS_STANDARD_32_BIT)";
				CLANG_ENABLE_OBJC_ARC = YES;
				"CODE_SIGN_IDENTITY[sdk=iphoneos*]" = "iPhone Developer";
				COPY_PHASE_STRIP = YES;
				GCC_C_LANGUAGE_STANDARD = gnu99;
				GCC_VERSION = com.apple.compilers.llvm.clang.1_0;
				GCC_WARN_ABOUT_MISSING_PROTOTYPES = YES;
				GCC_WARN_ABOUT_RETURN_TYPE = YES;
				GCC_WARN_UNUSED_VARIABLE = YES;
				IPHONEOS_DEPLOYMENT_TARGET = 5.0;
				OTHER_CFLAGS = "-DNS_BLOCK_ASSERTIONS=1";
				SDKROOT = iphoneos;
				TARGETED_DEVICE_FAMILY = 2;
				VALIDATE_PRODUCT = YES;
			};
			name = Release;
		};
		AE4F8C13147E7F2E0029E30A /* Debug */ = {
			isa = XCBuildConfiguration;
			buildSettings = {
				GCC_PRECOMPILE_PREFIX_HEADER = YES;
				GCC_PREFIX_HEADER = "twitter-munch/twitter-munch-Prefix.pch";
				INFOPLIST_FILE = "twitter-munch/twitter-munch-Info.plist";
				PRODUCT_NAME = "$(TARGET_NAME)";
				WRAPPER_EXTENSION = app;
			};
			name = Debug;
		};
		AE4F8C14147E7F2E0029E30A /* Release */ = {
			isa = XCBuildConfiguration;
			buildSettings = {
				GCC_PRECOMPILE_PREFIX_HEADER = YES;
				GCC_PREFIX_HEADER = "twitter-munch/twitter-munch-Prefix.pch";
				INFOPLIST_FILE = "twitter-munch/twitter-munch-Info.plist";
				PRODUCT_NAME = "$(TARGET_NAME)";
				WRAPPER_EXTENSION = app;
			};
			name = Release;
		};
/* End XCBuildConfiguration section */

/* Begin XCConfigurationList section */
		AE4F8BEE147E7F2E0029E30A /* Build configuration list for PBXProject "twitter-munch" */ = {
			isa = XCConfigurationList;
			buildConfigurations = (
				AE4F8C10147E7F2E0029E30A /* Debug */,
				AE4F8C11147E7F2E0029E30A /* Release */,
			);
			defaultConfigurationIsVisible = 0;
			defaultConfigurationName = Release;
		};
		AE4F8C12147E7F2E0029E30A /* Build configuration list for PBXNativeTarget "twitter-munch" */ = {
			isa = XCConfigurationList;
			buildConfigurations = (
				AE4F8C13147E7F2E0029E30A /* Debug */,
				AE4F8C14147E7F2E0029E30A /* Release */,
			);
			defaultConfigurationIsVisible = 0;
			defaultConfigurationName = Release;
		};
/* End XCConfigurationList section */
	};
	rootObject = AE4F8BEB147E7F2E0029E30A /* Project object */;
}
